<?xml version="1.0" encoding="UTF-8" standalone="yes" ?>
<CodeBlocks_project_file>
	<FileVersion major="1" minor="6" />
	<Project>
		<Option title="OpenGLEngineProject" />
		<Option pch_mode="2" />
		<Option compiler="gcc" />
		<Build>
			<Target title="Debug">
				<Option output="bin/Debug/EngineOpenGL" prefix_auto="1" extension_auto="1" />
				<Option working_dir="bin/Debug/" />
				<Option object_output="obj/Debug/" />
				<Option type="1" />
				<Option compiler="gcc" />
				<Compiler>
					<Add option="-std=c++11" />
					<Add option="-g" />
					<Add directory="JuMenu" />
				</Compiler>
				<Linker>
					<Add library="JuMenu" />
				</Linker>
			</Target>
			<Target title="Release">
				<Option output="bin/Release/EngineOpenGL" prefix_auto="1" extension_auto="1" />
				<Option working_dir="bin/Release/" />
				<Option object_output="obj/Release/" />
				<Option type="1" />
				<Option compiler="gcc" />
				<Compiler>
					<Add option="-O3" />
					<Add option="-std=c++11" />
					<Add option="-fno-strict-aliasing" />
					<Add directory="JuMenu" />
				</Compiler>
				<Linker>
					<Add option="-s" />
					<Add library="JuMenu" />
				</Linker>
			</Target>
			<Target title="Debug_Stat_JuMenuAPI">
				<Option output="lib/linux/JuMenu" prefix_auto="1" extension_auto="1" />
				<Option working_dir="" />
				<Option type="2" />
				<Option compiler="gcc" />
				<Option createDefFile="1" />
				<Compiler>
					<Add option="-std=c++11" />
					<Add option="-pg" />
					<Add option="-fPIC" />
				</Compiler>
				<Linker>
					<Add option="-pg" />
					<Add library="pthread" />
				</Linker>
			</Target>
			<Target title="Release_Stat_JuMenuAPI">
				<Option output="lib/linux/JuMenu" prefix_auto="1" extension_auto="1" />
				<Option working_dir="" />
				<Option type="2" />
				<Option compiler="gcc" />
				<Option createDefFile="1" />
				<Compiler>
					<Add option="-O3" />
					<Add option="-std=c++11" />
				</Compiler>
				<Linker>
					<Add library="pthread" />
				</Linker>
			</Target>
		</Build>
		<Compiler>
			<Add option="-std=c++11" />
			<Add option="-Wall" />
			<Add option="-fopenmp -Wno-comment" />
			<Add directory="include" />
			<Add directory="include/freetype2" />
		</Compiler>
		<Linker>
			<Add library="glfw3" />
			<Add library="GLEW" />
			<Add library="GL" />
			<Add library="GLU" />
			<Add library="X11" />
			<Add library="Xinerama" />
			<Add library="Xrandr" />
			<Add library="pthread" />
			<Add library="Xcursor" />
			<Add library="Xi" />
			<Add library="Xxf86vm" />
			<Add library="freetype" />
			<Add library="SOIL" />
			<Add library="IrrKlang" />
			<Add library="gomp" />
			<Add library="boost_system" />
			<Add library="boost_filesystem" />
			<Add directory="lib/linux" />
			<Add directory="lib/linux/boost" />
		</Linker>
		<Unit filename="JuMenu/JuMenu.cpp">
			<Option target="Debug_Stat_JuMenuAPI" />
			<Option target="Release_Stat_JuMenuAPI" />
		</Unit>
		<Unit filename="JuMenu/JuMenu.h">
			<Option target="Debug_Stat_JuMenuAPI" />
			<Option target="Release_Stat_JuMenuAPI" />
		</Unit>
		<Unit filename="JuMenu/JuMenuDeps.h">
			<Option target="Debug_Stat_JuMenuAPI" />
			<Option target="Release_Stat_JuMenuAPI" />
		</Unit>
		<Unit filename="JuMenu/JuMenuErrs.h">
			<Option target="Debug_Stat_JuMenuAPI" />
			<Option target="Release_Stat_JuMenuAPI" />
		</Unit>
		<Unit filename="JuMenu/JuMenuResourceManager.cpp">
			<Option target="Debug_Stat_JuMenuAPI" />
			<Option target="Release_Stat_JuMenuAPI" />
		</Unit>
		<Unit filename="JuMenu/JuMenuResourceManager.h">
			<Option target="Debug_Stat_JuMenuAPI" />
			<Option target="Release_Stat_JuMenuAPI" />
		</Unit>
		<Unit filename="JuMenu/menuitems/menubutton.cpp">
			<Option target="Debug_Stat_JuMenuAPI" />
			<Option target="Release_Stat_JuMenuAPI" />
		</Unit>
		<Unit filename="JuMenu/menuitems/menubutton.h">
			<Option target="Debug_Stat_JuMenuAPI" />
			<Option target="Release_Stat_JuMenuAPI" />
		</Unit>
		<Unit filename="JuMenu/menuitems/mfftools.cpp">
			<Option target="Debug_Stat_JuMenuAPI" />
			<Option target="Release_Stat_JuMenuAPI" />
		</Unit>
		<Unit filename="JuMenu/menuitems/mfftools.h">
			<Option target="Debug_Stat_JuMenuAPI" />
			<Option target="Release_Stat_JuMenuAPI" />
		</Unit>
		<Unit filename="JuMenu/resources/imageresource.cpp">
			<Option target="Debug_Stat_JuMenuAPI" />
			<Option target="Release_Stat_JuMenuAPI" />
		</Unit>
		<Unit filename="JuMenu/resources/imageresource.h">
			<Option target="Debug_Stat_JuMenuAPI" />
			<Option target="Release_Stat_JuMenuAPI" />
		</Unit>
		<Unit filename="JuMenu/resources/writerresource.cpp">
			<Option target="Debug_Stat_JuMenuAPI" />
			<Option target="Release_Stat_JuMenuAPI" />
		</Unit>
		<Unit filename="JuMenu/resources/writerresource.h">
			<Option target="Debug_Stat_JuMenuAPI" />
			<Option target="Release_Stat_JuMenuAPI" />
		</Unit>
		<Unit filename="src/Engine/DevTools/TerrainGenerator/terrainGenerator.cpp">
			<Option target="Debug" />
			<Option target="Release" />
		</Unit>
		<Unit filename="src/Engine/DevTools/TerrainGenerator/terrainGenerator.h">
			<Option target="Debug" />
			<Option target="Release" />
		</Unit>
		<Unit filename="src/Engine/DevTools/terraingeneratorwrapper.cpp">
			<Option target="Debug" />
			<Option target="Release" />
		</Unit>
		<Unit filename="src/Engine/DevTools/terraingeneratorwrapper.h">
			<Option target="Debug" />
			<Option target="Release" />
		</Unit>
		<Unit filename="src/Engine/DevTools/testingbox.h">
			<Option target="Debug" />
			<Option target="Release" />
		</Unit>
		<Unit filename="src/Engine/DevTools/worldbuildertools/boxclass.cpp">
			<Option target="Debug" />
			<Option target="Release" />
		</Unit>
		<Unit filename="src/Engine/DevTools/worldbuildertools/boxclass.h">
			<Option target="Debug" />
			<Option target="Release" />
		</Unit>
		<Unit filename="src/Engine/DevTools/worldbuildertools/randlib.h">
			<Option target="Debug" />
			<Option target="Release" />
		</Unit>
		<Unit filename="src/Engine/DevTools/worldbuilderwrapper.cpp">
			<Option target="Debug" />
			<Option target="Release" />
		</Unit>
		<Unit filename="src/Engine/DevTools/worldbuilderwrapper.h">
			<Option target="Debug" />
			<Option target="Release" />
		</Unit>
		<Unit filename="src/Engine/Handlers/LightHandler/staticskylight.cpp">
			<Option target="Debug" />
			<Option target="Release" />
		</Unit>
		<Unit filename="src/Engine/Handlers/LightHandler/staticskylight.h">
			<Option target="Debug" />
			<Option target="Release" />
		</Unit>
		<Unit filename="src/Engine/Handlers/ModelHandler/base_classes.h">
			<Option target="Debug" />
			<Option target="Release" />
		</Unit>
		<Unit filename="src/Engine/Handlers/ModelHandler/mesh.cpp">
			<Option target="Debug" />
			<Option target="Release" />
		</Unit>
		<Unit filename="src/Engine/Handlers/ModelHandler/mesh.h">
			<Option target="Debug" />
			<Option target="Release" />
		</Unit>
		<Unit filename="src/Engine/Handlers/ModelHandler/model.cpp">
			<Option target="Debug" />
			<Option target="Release" />
		</Unit>
		<Unit filename="src/Engine/Handlers/ModelHandler/model.h">
			<Option target="Debug" />
			<Option target="Release" />
		</Unit>
		<Unit filename="src/Engine/Handlers/TerrainHandler/terrainhandler.cpp">
			<Option target="Debug" />
			<Option target="Release" />
		</Unit>
		<Unit filename="src/Engine/Handlers/TerrainHandler/terrainhandler.h">
			<Option target="Debug" />
			<Option target="Release" />
		</Unit>
		<Unit filename="src/Engine/Handlers/resourcemanager.cpp">
			<Option target="Debug" />
			<Option target="Release" />
		</Unit>
		<Unit filename="src/Engine/Handlers/resourcemanager.h">
			<Option target="Debug" />
			<Option target="Release" />
		</Unit>
		<Unit filename="src/Engine/Interfaces/MenuInterfaces/graphicspropertiesinterface.cpp">
			<Option target="Debug" />
			<Option target="Release" />
		</Unit>
		<Unit filename="src/Engine/Interfaces/MenuInterfaces/graphicspropertiesinterface.h">
			<Option target="Debug" />
			<Option target="Release" />
		</Unit>
		<Unit filename="src/Engine/Interfaces/MenuInterfaces/requestinterface.cpp">
			<Option target="Debug" />
			<Option target="Release" />
		</Unit>
		<Unit filename="src/Engine/Interfaces/MenuInterfaces/requestinterface.h">
			<Option target="Debug" />
			<Option target="Release" />
		</Unit>
		<Unit filename="src/Engine/Loaders/meshloader.h">
			<Option target="Debug" />
			<Option target="Release" />
		</Unit>
		<Unit filename="src/Engine/Loaders/properties.cpp">
			<Option target="Debug" />
			<Option target="Release" />
		</Unit>
		<Unit filename="src/Engine/Loaders/properties.h">
			<Option target="Debug" />
			<Option target="Release" />
		</Unit>
		<Unit filename="src/Engine/Loaders/shader.cpp">
			<Option target="Debug" />
			<Option target="Release" />
		</Unit>
		<Unit filename="src/Engine/Loaders/shader.h">
			<Option target="Debug" />
			<Option target="Release" />
		</Unit>
		<Unit filename="src/Engine/Loaders/texture.cpp">
			<Option target="Debug" />
			<Option target="Release" />
		</Unit>
		<Unit filename="src/Engine/Loaders/texture.h">
			<Option target="Debug" />
			<Option target="Release" />
		</Unit>
		<Unit filename="src/Engine/States/DevToolStates/terraingeneratorstate.cpp">
			<Option target="Debug" />
			<Option target="Release" />
		</Unit>
		<Unit filename="src/Engine/States/DevToolStates/terraingeneratorstate.h">
			<Option target="Debug" />
			<Option target="Release" />
		</Unit>
		<Unit filename="src/Engine/States/DevToolStates/worldbuilderstate.cpp">
			<Option target="Debug" />
			<Option target="Release" />
		</Unit>
		<Unit filename="src/Engine/States/DevToolStates/worldbuilderstate.h">
			<Option target="Debug" />
			<Option target="Release" />
		</Unit>
		<Unit filename="src/Engine/States/MenuStates/aboutmenustate.cpp">
			<Option target="Debug" />
			<Option target="Release" />
		</Unit>
		<Unit filename="src/Engine/States/MenuStates/aboutmenustate.h">
			<Option target="Debug" />
			<Option target="Release" />
		</Unit>
		<Unit filename="src/Engine/States/MenuStates/mainmenustate.cpp">
			<Option target="Debug" />
			<Option target="Release" />
		</Unit>
		<Unit filename="src/Engine/States/MenuStates/mainmenustate.h">
			<Option target="Debug" />
			<Option target="Release" />
		</Unit>
		<Unit filename="src/Engine/States/MenuStates/settingsmenustate.cpp">
			<Option target="Debug" />
			<Option target="Release" />
		</Unit>
		<Unit filename="src/Engine/States/MenuStates/settingsmenustate.h">
			<Option target="Debug" />
			<Option target="Release" />
		</Unit>
		<Unit filename="src/Engine/States/MenuStates/toolsmenustate.cpp">
			<Option target="Debug" />
			<Option target="Release" />
		</Unit>
		<Unit filename="src/Engine/States/MenuStates/toolsmenustate.h">
			<Option target="Debug" />
			<Option target="Release" />
		</Unit>
		<Unit filename="src/Engine/States/introstate.cpp">
			<Option target="Debug" />
			<Option target="Release" />
		</Unit>
		<Unit filename="src/Engine/States/introstate.h">
			<Option target="Debug" />
			<Option target="Release" />
		</Unit>
		<Unit filename="src/Engine/Tools/MenuItems.h">
			<Option target="Debug" />
			<Option target="Release" />
		</Unit>
		<Unit filename="src/Engine/Tools/MenuItems/boxcolored.cpp">
			<Option target="Debug" />
			<Option target="Release" />
		</Unit>
		<Unit filename="src/Engine/Tools/MenuItems/boxcolored.h">
			<Option target="Debug" />
			<Option target="Release" />
		</Unit>
		<Unit filename="src/Engine/Tools/MenuItems/checkbox.cpp">
			<Option target="Debug" />
			<Option target="Release" />
		</Unit>
		<Unit filename="src/Engine/Tools/MenuItems/checkbox.h">
			<Option target="Debug" />
			<Option target="Release" />
		</Unit>
		<Unit filename="src/Engine/Tools/MenuItems/dropbox.cpp">
			<Option target="Debug" />
			<Option target="Release" />
		</Unit>
		<Unit filename="src/Engine/Tools/MenuItems/dropbox.h">
			<Option target="Debug" />
			<Option target="Release" />
		</Unit>
		<Unit filename="src/Engine/Tools/MenuItems/dropdownmenu.cpp">
			<Option target="Debug" />
			<Option target="Release" />
		</Unit>
		<Unit filename="src/Engine/Tools/MenuItems/dropdownmenu.h">
			<Option target="Debug" />
			<Option target="Release" />
		</Unit>
		<Unit filename="src/Engine/Tools/MenuItems/insertionbox.cpp">
			<Option target="Debug" />
			<Option target="Release" />
		</Unit>
		<Unit filename="src/Engine/Tools/MenuItems/insertionbox.h">
			<Option target="Debug" />
			<Option target="Release" />
		</Unit>
		<Unit filename="src/Engine/Tools/MenuItems/menubar.cpp">
			<Option target="Debug" />
			<Option target="Release" />
		</Unit>
		<Unit filename="src/Engine/Tools/MenuItems/menubar.h">
			<Option target="Debug" />
			<Option target="Release" />
		</Unit>
		<Unit filename="src/Engine/Tools/MenuItems/menubutton.cpp">
			<Option target="Debug" />
			<Option target="Release" />
		</Unit>
		<Unit filename="src/Engine/Tools/MenuItems/menubutton.h">
			<Option target="Debug" />
			<Option target="Release" />
		</Unit>
		<Unit filename="src/Engine/Tools/MenuItems/menuicon.cpp">
			<Option target="Debug" />
			<Option target="Release" />
		</Unit>
		<Unit filename="src/Engine/Tools/MenuItems/menuicon.h">
			<Option target="Debug" />
			<Option target="Release" />
		</Unit>
		<Unit filename="src/Engine/Tools/ToolBoxs/materialmodificationtoolbox.cpp">
			<Option target="Debug" />
			<Option target="Release" />
		</Unit>
		<Unit filename="src/Engine/Tools/ToolBoxs/materialmodificationtoolbox.h">
			<Option target="Debug" />
			<Option target="Release" />
		</Unit>
		<Unit filename="src/Engine/Tools/ToolBoxs/savetoolbox.cpp">
			<Option target="Debug" />
			<Option target="Release" />
		</Unit>
		<Unit filename="src/Engine/Tools/ToolBoxs/savetoolbox.h">
			<Option target="Debug" />
			<Option target="Release" />
		</Unit>
		<Unit filename="src/Engine/Tools/ToolBoxs/terraincreationtoolbox.cpp">
			<Option target="Debug" />
			<Option target="Release" />
		</Unit>
		<Unit filename="src/Engine/Tools/ToolBoxs/terraincreationtoolbox.h">
			<Option target="Debug" />
			<Option target="Release" />
		</Unit>
		<Unit filename="src/Engine/Tools/ToolBoxs/terrainmodificationtoolbox.cpp">
			<Option target="Debug" />
			<Option target="Release" />
		</Unit>
		<Unit filename="src/Engine/Tools/ToolBoxs/terrainmodificationtoolbox.h">
			<Option target="Debug" />
			<Option target="Release" />
		</Unit>
		<Unit filename="src/Engine/Tools/ToolBoxs/terrainsculptingtoolbox.cpp">
			<Option target="Debug" />
			<Option target="Release" />
		</Unit>
		<Unit filename="src/Engine/Tools/ToolBoxs/terrainsculptingtoolbox.h">
			<Option target="Debug" />
			<Option target="Release" />
		</Unit>
		<Unit filename="src/Engine/Tools/console.cpp">
			<Option target="Debug" />
			<Option target="Release" />
		</Unit>
		<Unit filename="src/Engine/Tools/console.h">
			<Option target="Debug" />
			<Option target="Release" />
		</Unit>
		<Unit filename="src/Engine/Tools/displayimage.cpp">
			<Option target="Debug" />
			<Option target="Release" />
		</Unit>
		<Unit filename="src/Engine/Tools/displayimage.h">
			<Option target="Debug" />
			<Option target="Release" />
		</Unit>
		<Unit filename="src/Engine/Tools/flaghandler.h">
			<Option target="Debug" />
			<Option target="Release" />
		</Unit>
		<Unit filename="src/Engine/Tools/glmtools.hpp">
			<Option target="Debug" />
			<Option target="Release" />
		</Unit>
		<Unit filename="src/Engine/Tools/input_struct.h">
			<Option target="Debug" />
			<Option target="Release" />
		</Unit>
		<Unit filename="src/Engine/Tools/micro_timer.cpp">
			<Option target="Debug" />
			<Option target="Release" />
		</Unit>
		<Unit filename="src/Engine/Tools/micro_timer.h">
			<Option target="Debug" />
			<Option target="Release" />
		</Unit>
		<Unit filename="src/Engine/Tools/ogltools.hpp">
			<Option target="Debug" />
			<Option target="Release" />
		</Unit>
		<Unit filename="src/Engine/Tools/rtscamera.h">
			<Option target="Debug" />
			<Option target="Release" />
		</Unit>
		<Unit filename="src/Engine/Tools/screenwriter.cpp">
			<Option target="Debug" />
			<Option target="Release" />
		</Unit>
		<Unit filename="src/Engine/Tools/screenwriter.h">
			<Option target="Debug" />
			<Option target="Release" />
		</Unit>
		<Unit filename="src/Engine/Tools/tools.hpp">
			<Option target="Debug" />
			<Option target="Release" />
		</Unit>
		<Unit filename="src/Engine/engine.cpp">
			<Option target="Debug" />
			<Option target="Release" />
		</Unit>
		<Unit filename="src/Engine/engine.h">
			<Option target="Debug" />
			<Option target="Release" />
		</Unit>
		<Unit filename="src/Engine/eventstatebase.h">
			<Option target="Debug" />
			<Option target="Release" />
		</Unit>
		<Unit filename="src/Engine/state.h">
			<Option target="Debug" />
			<Option target="Release" />
		</Unit>
		<Unit filename="src/EventStateBase.h">
			<Option target="Debug" />
			<Option target="Release" />
		</Unit>
		<Unit filename="src/Headers/headerscpp.h">
			<Option target="Debug" />
			<Option target="Release" />
		</Unit>
		<Unit filename="src/Headers/headersogl.h">
			<Option target="Debug" />
			<Option target="Release" />
		</Unit>
		<Unit filename="src/main.cpp">
			<Option target="Debug" />
			<Option target="Release" />
		</Unit>
		<Extensions>
			<code_completion />
			<envvars />
			<debugger />
			<lib_finder disable_auto="1" />
		</Extensions>
	</Project>
</CodeBlocks_project_file>
